
Microsoft Visual Studio Solution File, Format Version 12.00
Project("{FAE04EC0-301F-11D3-BF4B-00C04F79EFBC}") = "TaskTurner", "TaskTurner\TaskTurner.csproj", "{CE97DCC9-AA51-485C-BAE7-0551A36F0AEF}"
EndProject
Global
	GlobalSection(SolutionConfigurationPlatforms) = preSolution
		Debug|Any CPU = Debug|Any CPU
		Release|Any CPU = Release|Any CPU
	EndGlobalSection
	GlobalSection(ProjectConfigurationPlatforms) = postSolution
		{CE97DCC9-AA51-485C-BAE7-0551A36F0AEF}.Debug|Any CPU.ActiveCfg = Debug|Any CPU
		{CE97DCC9-AA51-485C-BAE7-0551A36F0AEF}.Debug|Any CPU.Build.0 = Debug|Any CPU
		{CE97DCC9-AA51-485C-BAE7-0551A36F0AEF}.Release|Any CPU.ActiveCfg = Release|Any CPU
		{CE97DCC9-AA51-485C-BAE7-0551A36F0AEF}.Release|Any CPU.Build.0 = Release|Any CPU
	EndGlobalSection
EndGlobal
